
Microsoft Visual Studio Solution File, Format Version 12.00
# Visual Studio Version 17
VisualStudioVersion = 17.0.32014.148
MinimumVisualStudioVersion = 10.0.40219.1
Project("{9A19103F-16F7-4668-BE54-9A1E7A4F7556}") = "OpenExchangeRates.Api", "OpenExchangeRates.Api\OpenExchangeRates.Api.csproj", "{1A8EAB6A-6F4C-49E1-A4F9-5415C76FA7EB}"
EndProject
Project("{9A19103F-16F7-4668-BE54-9A1E7A4F7556}") = "OpenExchangeRates.Blazor", "OpenExchangeRates.Blazor\OpenExchangeRates.Blazor.csproj", "{1E8C541E-C074-4BF1-AC20-D04171B3B6F6}"
EndProject
Project("{9A19103F-16F7-4668-BE54-9A1E7A4F7556}") = "BinaryTree", "BinaryTree\BinaryTree.csproj", "{66369E17-CB57-4F63-B1DF-CA48A062D80D}"
EndProject
Project("{9A19103F-16F7-4668-BE54-9A1E7A4F7556}") = "BinaryTree.Tasts", "BinaryTree.Tasts\BinaryTree.Tasts.csproj", "{3DEEF573-07B0-41A8-941B-1CB02C297812}"
EndProject
Global
	GlobalSection(SolutionConfigurationPlatforms) = preSolution
		Debug|Any CPU = Debug|Any CPU
		Release|Any CPU = Release|Any CPU
	EndGlobalSection
	GlobalSection(ProjectConfigurationPlatforms) = postSolution
		{1A8EAB6A-6F4C-49E1-A4F9-5415C76FA7EB}.Debug|Any CPU.ActiveCfg = Debug|Any CPU
		{1A8EAB6A-6F4C-49E1-A4F9-5415C76FA7EB}.Debug|Any CPU.Build.0 = Debug|Any CPU
		{1A8EAB6A-6F4C-49E1-A4F9-5415C76FA7EB}.Release|Any CPU.ActiveCfg = Release|Any CPU
		{1A8EAB6A-6F4C-49E1-A4F9-5415C76FA7EB}.Release|Any CPU.Build.0 = Release|Any CPU
		{1E8C541E-C074-4BF1-AC20-D04171B3B6F6}.Debug|Any CPU.ActiveCfg = Debug|Any CPU
		{1E8C541E-C074-4BF1-AC20-D04171B3B6F6}.Debug|Any CPU.Build.0 = Debug|Any CPU
		{1E8C541E-C074-4BF1-AC20-D04171B3B6F6}.Release|Any CPU.ActiveCfg = Release|Any CPU
		{1E8C541E-C074-4BF1-AC20-D04171B3B6F6}.Release|Any CPU.Build.0 = Release|Any CPU
		{66369E17-CB57-4F63-B1DF-CA48A062D80D}.Debug|Any CPU.ActiveCfg = Debug|Any CPU
		{66369E17-CB57-4F63-B1DF-CA48A062D80D}.Debug|Any CPU.Build.0 = Debug|Any CPU
		{66369E17-CB57-4F63-B1DF-CA48A062D80D}.Release|Any CPU.ActiveCfg = Release|Any CPU
		{66369E17-CB57-4F63-B1DF-CA48A062D80D}.Release|Any CPU.Build.0 = Release|Any CPU
		{3DEEF573-07B0-41A8-941B-1CB02C297812}.Debug|Any CPU.ActiveCfg = Debug|Any CPU
		{3DEEF573-07B0-41A8-941B-1CB02C297812}.Debug|Any CPU.Build.0 = Debug|Any CPU
		{3DEEF573-07B0-41A8-941B-1CB02C297812}.Release|Any CPU.ActiveCfg = Release|Any CPU
		{3DEEF573-07B0-41A8-941B-1CB02C297812}.Release|Any CPU.Build.0 = Release|Any CPU
	EndGlobalSection
	GlobalSection(SolutionProperties) = preSolution
		HideSolutionNode = FALSE
	EndGlobalSection
	GlobalSection(ExtensibilityGlobals) = postSolution
		SolutionGuid = {6E28111F-33DF-4E1A-815E-99C846285565}
	EndGlobalSection
EndGlobal
